
Microsoft Visual Studio Solution File, Format Version 12.00
# Visual Studio 15
VisualStudioVersion = 15.0.28307.757
MinimumVisualStudioVersion = 10.0.40219.1
Project("{8BC9CEB8-8B4A-11D0-8D11-00A0C91BC942}") = "Tree", "Tree\Tree.vcxproj", "{AADB14D8-D2FF-4501-9C3D-AEC3C0BEB856}"
EndProject
Global
	GlobalSection(SolutionConfigurationPlatforms) = preSolution
		Debug|x64 = Debug|x64
		Debug|x86 = Debug|x86
		Release|x64 = Release|x64
		Release|x86 = Release|x86
	EndGlobalSection
	GlobalSection(ProjectConfigurationPlatforms) = postSolution
		{AADB14D8-D2FF-4501-9C3D-AEC3C0BEB856}.Debug|x64.ActiveCfg = Debug|x64
		{AADB14D8-D2FF-4501-9C3D-AEC3C0BEB856}.Debug|x64.Build.0 = Debug|x64
		{AADB14D8-D2FF-4501-9C3D-AEC3C0BEB856}.Debug|x86.ActiveCfg = Debug|Win32
		{AADB14D8-D2FF-4501-9C3D-AEC3C0BEB856}.Debug|x86.Build.0 = Debug|Win32
		{AADB14D8-D2FF-4501-9C3D-AEC3C0BEB856}.Release|x64.ActiveCfg = Release|x64
		{AADB14D8-D2FF-4501-9C3D-AEC3C0BEB856}.Release|x64.Build.0 = Release|x64
		{AADB14D8-D2FF-4501-9C3D-AEC3C0BEB856}.Release|x86.ActiveCfg = Release|Win32
		{AADB14D8-D2FF-4501-9C3D-AEC3C0BEB856}.Release|x86.Build.0 = Release|Win32
	EndGlobalSection
	GlobalSection(SolutionProperties) = preSolution
		HideSolutionNode = FALSE
	EndGlobalSection
	GlobalSection(ExtensibilityGlobals) = postSolution
		SolutionGuid = {DBE2D174-46A5-4E2E-841A-7D5626AD2CB9}
	EndGlobalSection
EndGlobal
